// !$*UTF8*$!
{
	archiveVersion = 1;
	classes = {
	};
	objectVersion = 46;
	objects = {

/* Begin PBXBuildFile section */
		CE683FD91B5F26EA00BF2B56 /* RNMultiPickerManager.m in Sources */ = {isa = PBXBuildFile; fileRef = CE683FD61B5F26EA00BF2B56 /* RNMultiPickerManager.m */; };
		CE683FDD1B5F278200BF2B56 /* RNMultiPicker.m in Sources */ = {isa = PBXBuildFile; fileRef = CE683FDC1B5F278200BF2B56 /* RNMultiPicker.m */; };
/* End PBXBuildFile section */

/* Begin PBXCopyFilesBuildPhase section */
		7A37E20A1AE588B100920C3B /* CopyFiles */ = {
			isa = PBXCopyFilesBuildPhase;
			buildActionMask = 2147483647;
			dstPath = "include/$(PRODUCT_NAME)";
			dstSubfolderSpec = 16;
			files = (
			);
			runOnlyForDeploymentPostprocessing = 0;
		};
/* End PBXCopyFilesBuildPhase section */

/* Begin PBXFileReference section */
		7A37E20C1AE588B100920C3B /* libRNMultiPickerIOS.a */ = {isa = PBXFileReference; explicitFileType = archive.ar; includeInIndex = 0; path = libRNMultiPickerIOS.a; sourceTree = BUILT_PRODUCTS_DIR; };
		CE683FD51B5F26EA00BF2B56 /* RNMultiPickerManager.h */ = {isa = PBXFileReference; fileEncoding = 4; lastKnownFileType = sourcecode.c.h; name = RNMultiPickerManager.h; path = RNMultiPicker/RNMultiPickerManager.h; sourceTree = SOURCE_ROOT; };
		CE683FD61B5F26EA00BF2B56 /* RNMultiPickerManager.m */ = {isa = PBXFileReference; fileEncoding = 4; lastKnownFileType = sourcecode.c.objc; name = RNMultiPickerManager.m; path = RNMultiPicker/RNMultiPickerManager.m; sourceTree = SOURCE_ROOT; };
		CE683FDB1B5F278200BF2B56 /* RNMultiPicker.h */ = {isa = PBXFileReference; fileEncoding = 4; lastKnownFileType = sourcecode.c.h; name = RNMultiPicker.h; path = RNMultiPicker/RNMultiPicker.h; sourceTree = SOURCE_ROOT; };
		CE683FDC1B5F278200BF2B56 /* RNMultiPicker.m */ = {isa = PBXFileReference; fileEncoding = 4; lastKnownFileType = sourcecode.c.objc; name = RNMultiPicker.m; path = RNMultiPicker/RNMultiPicker.m; sourceTree = SOURCE_ROOT; };
/* End PBXFileReference section */

/* Begin PBXFrameworksBuildPhase section */
		7A37E2091AE588B100920C3B /* Frameworks */ = {
			isa = PBXFrameworksBuildPhase;
			buildActionMask = 2147483647;
			files = (
			);
			runOnlyForDeploymentPostprocessing = 0;
		};
/* End PBXFrameworksBuildPhase section */

/* Begin PBXGroup section */
		7A37E2031AE588B100920C3B = {
			isa = PBXGroup;
			children = (
				7A37E20E1AE588B100920C3B /* RNMultiPickerIOS */,
				7A37E20D1AE588B100920C3B /* Products */,
			);
			sourceTree = "<group>";
		};
		7A37E20D1AE588B100920C3B /* Products */ = {
			isa = PBXGroup;
			children = (
				7A37E20C1AE588B100920C3B /* libRNMultiPickerIOS.a */,
			);
			name = Products;
			sourceTree = "<group>";
		};
		7A37E20E1AE588B100920C3B /* RNMultiPickerIOS */ = {
			isa = PBXGroup;
			children = (
				CE683FD51B5F26EA00BF2B56 /* RNMultiPickerManager.h */,
				CE683FD61B5F26EA00BF2B56 /* RNMultiPickerManager.m */,
				CE683FDB1B5F278200BF2B56 /* RNMultiPicker.h */,
				CE683FDC1B5F278200BF2B56 /* RNMultiPicker.m */,
			);
			path = RNMultiPickerIOS;
			sourceTree = "<group>";
		};
/* End PBXGroup section */

/* Begin PBXNativeTarget section */
		7A37E20B1AE588B100920C3B /* RNMultiPickerIOS */ = {
			isa = PBXNativeTarget;
			buildConfigurationList = 7A37E2201AE588B100920C3B /* Build configuration list for PBXNativeTarget "RNMultiPickerIOS" */;
			buildPhases = (
				7A37E2081AE588B100920C3B /* Sources */,
				7A37E2091AE588B100920C3B /* Frameworks */,
				7A37E20A1AE588B100920C3B /* CopyFiles */,
			);
			buildRules = (
			);
			dependencies = (
			);
			name = RNMultiPickerIOS;
			productName = RNMultiPickerIOS;
			productReference = 7A37E20C1AE588B100920C3B /* libRNMultiPickerIOS.a */;
			productType = "com.apple.product-type.library.static";
		};
/* End PBXNativeTarget section */

/* Begin PBXProject section */
		7A37E2041AE588B100920C3B /* Project object */ = {
			isa = PBXProject;
			attributes = {
				LastUpgradeCheck = 0630;
				ORGANIZATIONNAME = "Dave Vedder";
				TargetAttributes = {
					7A37E20B1AE588B100920C3B = {
						CreatedOnToolsVersion = 6.3;
					};
				};
			};
			buildConfigurationList = 7A37E2071AE588B100920C3B /* Build configuration list for PBXProject "RNMultiPicker" */;
			compatibilityVersion = "Xcode 3.2";
			developmentRegion = English;
			hasScannedForEncodings = 0;
			knownRegions = (
				en,
			);
			mainGroup = 7A37E2031AE588B100920C3B;
			productRefGroup = 7A37E20D1AE588B100920C3B /* Products */;
			projectDirPath = "";
			projectRoot = "";
			targets = (
				7A37E20B1AE588B100920C3B /* RNMultiPickerIOS */,
			);
		};
/* End PBXProject section */

/* Begin PBXSourcesBuildPhase section */
		7A37E2081AE588B100920C3B /* Sources */ = {
			isa = PBXSourcesBuildPhase;
			buildActionMask = 2147483647;
			files = (
				CE683FD91B5F26EA00BF2B56 /* RNMultiPickerManager.m in Sources */,
				CE683FDD1B5F278200BF2B56 /* RNMultiPicker.m in Sources */,
			);
			runOnlyForDeploymentPostprocessing = 0;
		};
/* End PBXSourcesBuildPhase section */

/* Begin XCBuildConfiguration section */
		7A37E21E1AE588B100920C3B /* Debug */ = {
			isa = XCBuildConfiguration;
			buildSettings = {
				ALWAYS_SEARCH_USER_PATHS = NO;
				CLANG_CXX_LANGUAGE_STANDARD = "gnu++0x";
				CLANG_CXX_LIBRARY = "libc++";
				CLANG_ENABLE_MODULES = YES;
				CLANG_ENABLE_OBJC_ARC = YES;
				CLANG_WARN_BOOL_CONVERSION = YES;
				CLANG_WARN_CONSTANT_CONVERSION = YES;
				CLANG_WARN_DIRECT_OBJC_ISA_USAGE = YES_ERROR;
				CLANG_WARN_EMPTY_BODY = YES;
				CLANG_WARN_ENUM_CONVERSION = YES;
				CLANG_WARN_INT_CONVERSION = YES;
				CLANG_WARN_OBJC_ROOT_CLASS = YES_ERROR;
				CLANG_WARN_UNREACHABLE_CODE = YES;
				CLANG_WARN__DUPLICATE_METHOD_MATCH = YES;
				COPY_PHASE_STRIP = NO;
				DEBUG_INFORMATION_FORMAT = "dwarf-with-dsym";
				ENABLE_STRICT_OBJC_MSGSEND = YES;
				GCC_C_LANGUAGE_STANDARD = gnu99;
				GCC_DYNAMIC_NO_PIC = NO;
				GCC_NO_COMMON_BLOCKS = YES;
				GCC_OPTIMIZATION_LEVEL = 0;
				GCC_PREPROCESSOR_DEFINITIONS = (
					"DEBUG=1",
					"$(inherited)",
				);
				GCC_SYMBOLS_PRIVATE_EXTERN = NO;
				GCC_WARN_64_TO_32_BIT_CONVERSION = YES;
				GCC_WARN_ABOUT_RETURN_TYPE = YES_ERROR;
				GCC_WARN_UNDECLARED_SELECTOR = YES;
				GCC_WARN_UNINITIALIZED_AUTOS = YES_AGGRESSIVE;
				GCC_WARN_UNUSED_FUNCTION = YES;
				GCC_WARN_UNUSED_VARIABLE = YES;
				HEADER_SEARCH_PATHS = (
					"$(inherited)",
					/Applications/Xcode.app/Contents/Developer/Toolchains/XcodeDefault.xctoolchain/usr/include,
					"$(SRCROOT)/node_modules/react-native/React/**",
					"$(SRCROOT)/../react-native/React/**",
				);
				IPHONEOS_DEPLOYMENT_TARGET = 8.3;
				MTL_ENABLE_DEBUG_INFO = YES;
				ONLY_ACTIVE_ARCH = YES;
				SDKROOT = iphoneos;
			};
			name = Debug;
		};
		7A37E21F1AE588B100920C3B /* Release */ = {
			isa = XCBuildConfiguration;
			buildSettings = {
				ALWAYS_SEARCH_USER_PATHS = NO;
				CLANG_CXX_LANGUAGE_STANDARD = "gnu++0x";
				CLANG_CXX_LIBRARY = "libc++";
				CLANG_ENABLE_MODULES = YES;
				CLANG_ENABLE_OBJC_ARC = YES;
				CLANG_WARN_BOOL_CONVERSION = YES;
				CLANG_WARN_CONSTANT_CONVERSION = YES;
				CLANG_WARN_DIRECT_OBJC_ISA_USAGE = YES_ERROR;
				CLANG_WARN_EMPTY_BODY = YES;
				CLANG_WARN_ENUM_CONVERSION = YES;
				CLANG_WARN_INT_CONVERSION = YES;
				CLANG_WARN_OBJC_ROOT_CLASS = YES_ERROR;
				CLANG_WARN_UNREACHABLE_CODE = YES;
				CLANG_WARN__DUPLICATE_METHOD_MATCH = YES;
				COPY_PHASE_STRIP = NO;
				DEBUG_INFORMATION_FORMAT = "dwarf-with-dsym";
				ENABLE_NS_ASSERTIONS = NO;
				ENABLE_STRICT_OBJC_MSGSEND = YES;
				GCC_C_LANGUAGE_STANDARD = gnu99;
				GCC_NO_COMMON_BLOCKS = YES;
				GCC_WARN_64_TO_32_BIT_CONVERSION = YES;
				GCC_WARN_ABOUT_RETURN_TYPE = YES_ERROR;
				GCC_WARN_UNDECLARED_SELECTOR = YES;
				GCC_WARN_UNINITIALIZED_AUTOS = YES_AGGRESSIVE;
				GCC_WARN_UNUSED_FUNCTION = YES;
				GCC_WARN_UNUSED_VARIABLE = YES;
				HEADER_SEARCH_PATHS = (
					"$(inherited)",
					/Applications/Xcode.app/Contents/Developer/Toolchains/XcodeDefault.xctoolchain/usr/include,
					"$(SRCROOT)/node_modules/react-native/React/**",
					"$(SRCROOT)/../react-native/React/**",
				);
				IPHONEOS_DEPLOYMENT_TARGET = 8.3;
				MTL_ENABLE_DEBUG_INFO = NO;
				SDKROOT = iphoneos;
				VALIDATE_PRODUCT = YES;
			};
			name = Release;
		};
		7A37E2211AE588B100920C3B /* Debug */ = {
			isa = XCBuildConfiguration;
			buildSettings = {
				HEADER_SEARCH_PATHS = (
					"$(inherited)",
					/Applications/Xcode.app/Contents/Developer/Toolchains/XcodeDefault.xctoolchain/usr/include,
					"$(SRCROOT)/node_packages/react-native/React/**",
					"$(SRCROOT)/../react-native/React/**",
				);
				OTHER_LDFLAGS = "-ObjC";
				PRODUCT_NAME = "$(TARGET_NAME)";
				SKIP_INSTALL = YES;
			};
			name = Debug;
		};
		7A37E2221AE588B100920C3B /* Release */ = {
			isa = XCBuildConfiguration;
			buildSettings = {
				HEADER_SEARCH_PATHS = (
					"$(inherited)",
					/Applications/Xcode.app/Contents/Developer/Toolchains/XcodeDefault.xctoolchain/usr/include,
					"$(SRCROOT)/node_packages/react-native/React/**",
					"$(SRCROOT)/../react-native/React/**",
				);
				OTHER_LDFLAGS = "-ObjC";
				PRODUCT_NAME = "$(TARGET_NAME)";
				SKIP_INSTALL = YES;
			};
			name = Release;
		};
/* End XCBuildConfiguration section */

/* Begin XCConfigurationList section */
		7A37E2071AE588B100920C3B /* Build configuration list for PBXProject "RNMultiPicker" */ = {
			isa = XCConfigurationList;
			buildConfigurations = (
				7A37E21E1AE588B100920C3B /* Debug */,
				7A37E21F1AE588B100920C3B /* Release */,
			);
			defaultConfigurationIsVisible = 0;
			defaultConfigurationName = Release;
		};
		7A37E2201AE588B100920C3B /* Build configuration list for PBXNativeTarget "RNMultiPickerIOS" */ = {
			isa = XCConfigurationList;
			buildConfigurations = (
				7A37E2211AE588B100920C3B /* Debug */,
				7A37E2221AE588B100920C3B /* Release */,
			);
			defaultConfigurationIsVisible = 0;
			defaultConfigurationName = Release;
		};
/* End XCConfigurationList section */
	};
	rootObject = 7A37E2041AE588B100920C3B /* Project object */;
}
